
Microsoft Visual Studio Solution File, Format Version 12.00
#
Project("{FAE04EC0-301F-11D3-BF4B-00C04F79EFBC}") = "Jobify.Domain", "Jobify.Domain\Jobify.Domain.csproj", "{8F097FCB-E101-43F3-8F90-6F556E81AF4D}"
EndProject
Project("{FAE04EC0-301F-11D3-BF4B-00C04F79EFBC}") = "Jobify.Application", "Jobify.Application\Jobify.Application.csproj", "{46B08C37-1989-45DB-901A-AD45A5550C9C}"
EndProject
Project("{FAE04EC0-301F-11D3-BF4B-00C04F79EFBC}") = "Jobify.Infrastructure", "Jobify.Infrastructure\Jobify.Infrastructure.csproj", "{229CCF05-BD32-4815-A6A0-D3F336F633EA}"
EndProject
Project("{FAE04EC0-301F-11D3-BF4B-00C04F79EFBC}") = "Jobify.WebAPI", "Jobify.WebAPI\Jobify.WebAPI.csproj", "{2E901139-5FDC-4299-B514-8D78212E4E42}"
EndProject
Project("{2150E333-8FDC-42A3-9474-1A3956D46DE8}") = "src", "src", "{2966DC75-9871-4C66-832F-1DECC523E3A8}"
EndProject
Global
	GlobalSection(SolutionConfigurationPlatforms) = preSolution
		Debug|Any CPU = Debug|Any CPU
		Release|Any CPU = Release|Any CPU
	EndGlobalSection
	GlobalSection(ProjectConfigurationPlatforms) = postSolution
		{8F097FCB-E101-43F3-8F90-6F556E81AF4D}.Debug|Any CPU.ActiveCfg = Debug|Any CPU
		{8F097FCB-E101-43F3-8F90-6F556E81AF4D}.Debug|Any CPU.Build.0 = Debug|Any CPU
		{8F097FCB-E101-43F3-8F90-6F556E81AF4D}.Release|Any CPU.ActiveCfg = Release|Any CPU
		{8F097FCB-E101-43F3-8F90-6F556E81AF4D}.Release|Any CPU.Build.0 = Release|Any CPU
		{46B08C37-1989-45DB-901A-AD45A5550C9C}.Debug|Any CPU.ActiveCfg = Debug|Any CPU
		{46B08C37-1989-45DB-901A-AD45A5550C9C}.Debug|Any CPU.Build.0 = Debug|Any CPU
		{46B08C37-1989-45DB-901A-AD45A5550C9C}.Release|Any CPU.ActiveCfg = Release|Any CPU
		{46B08C37-1989-45DB-901A-AD45A5550C9C}.Release|Any CPU.Build.0 = Release|Any CPU
		{229CCF05-BD32-4815-A6A0-D3F336F633EA}.Debug|Any CPU.ActiveCfg = Debug|Any CPU
		{229CCF05-BD32-4815-A6A0-D3F336F633EA}.Debug|Any CPU.Build.0 = Debug|Any CPU
		{229CCF05-BD32-4815-A6A0-D3F336F633EA}.Release|Any CPU.ActiveCfg = Release|Any CPU
		{229CCF05-BD32-4815-A6A0-D3F336F633EA}.Release|Any CPU.Build.0 = Release|Any CPU
		{2E901139-5FDC-4299-B514-8D78212E4E42}.Debug|Any CPU.ActiveCfg = Debug|Any CPU
		{2E901139-5FDC-4299-B514-8D78212E4E42}.Debug|Any CPU.Build.0 = Debug|Any CPU
		{2E901139-5FDC-4299-B514-8D78212E4E42}.Release|Any CPU.ActiveCfg = Release|Any CPU
		{2E901139-5FDC-4299-B514-8D78212E4E42}.Release|Any CPU.Build.0 = Release|Any CPU
	EndGlobalSection
	GlobalSection(NestedProjects) = preSolution
		{46B08C37-1989-45DB-901A-AD45A5550C9C} = {2966DC75-9871-4C66-832F-1DECC523E3A8}
		{8F097FCB-E101-43F3-8F90-6F556E81AF4D} = {2966DC75-9871-4C66-832F-1DECC523E3A8}
		{229CCF05-BD32-4815-A6A0-D3F336F633EA} = {2966DC75-9871-4C66-832F-1DECC523E3A8}
		{2E901139-5FDC-4299-B514-8D78212E4E42} = {2966DC75-9871-4C66-832F-1DECC523E3A8}
	EndGlobalSection
EndGlobal
